{
  "name": "meddlers-of-japan",
  "version": "1.0.0",
  "lockfileVersion": 1,
  "requires": true,
  "dependencies": {
    "@types/uniqid": {
      "version": "4.1.2",
      "resolved": "https://registry.npmjs.org/@types/uniqid/-/uniqid-4.1.2.tgz",
      "integrity": "sha512-ZXl2rFZtJ6kdk7uureET6B3ebhoMhlJtiLRqhk5atKbc6YgabpxSjDZRPksbUdQT7ulIzg2X08e5esVJ2AAVkQ=="
    },
    "svg.js": {
      "version": "2.6.6",
      "resolved": "https://registry.npmjs.org/svg.js/-/svg.js-2.6.6.tgz",
      "integrity": "sha512-YdraDjga3Chc5Mxl9H8OhHdTBGyC/Sf2Bqv3ywpCQpHngfA2yq3vqf0SAdN+bAs1Iia6h9bi68dHNsqe8H/Apw=="
    },
    "typescript": {
      "version": "3.0.3",
      "resolved": "https://registry.npmjs.org/typescript/-/typescript-3.0.3.tgz",
      "integrity": "sha512-kk80vLW9iGtjMnIv11qyxLqZm20UklzuR2tL0QAnDIygIUIemcZMxlMWudl9OOt76H3ntVzcTiddQ1/pAAJMYg==",
      "dev": true
    },
    "uniqid": {
      "version": "5.0.3",
      "resolved": "https://registry.npmjs.org/uniqid/-/uniqid-5.0.3.tgz",
      "integrity": "sha512-R2qx3X/LYWSdGRaluio4dYrPXAJACTqyUjuyXHoJLBUOIfmMcnYOyY2d6Y4clZcIz5lK6ZaI0Zzmm0cPfsIqzQ=="
    }
  }
}
